
Microsoft Visual Studio Solution File, Format Version 12.00
# Visual Studio Version 17
VisualStudioVersion = 17.10.35004.147
MinimumVisualStudioVersion = 10.0.40219.1
Project("{FAE04EC0-301F-11D3-BF4B-00C04F79EFBC}") = "Module9", "Module9.csproj", "{F117CC5B-DCD2-4EE3-9414-4F42A83BBF37}"
EndProject
Global
	GlobalSection(SolutionConfigurationPlatforms) = preSolution
		Debug|Any CPU = Debug|Any CPU
		Release|Any CPU = Release|Any CPU
	EndGlobalSection
	GlobalSection(ProjectConfigurationPlatforms) = postSolution
		{F117CC5B-DCD2-4EE3-9414-4F42A83BBF37}.Debug|Any CPU.ActiveCfg = Debug|Any CPU
		{F117CC5B-DCD2-4EE3-9414-4F42A83BBF37}.Debug|Any CPU.Build.0 = Debug|Any CPU
		{F117CC5B-DCD2-4EE3-9414-4F42A83BBF37}.Release|Any CPU.ActiveCfg = Release|Any CPU
		{F117CC5B-DCD2-4EE3-9414-4F42A83BBF37}.Release|Any CPU.Build.0 = Release|Any CPU
	EndGlobalSection
	GlobalSection(SolutionProperties) = preSolution
		HideSolutionNode = FALSE
	EndGlobalSection
	GlobalSection(ExtensibilityGlobals) = postSolution
		SolutionGuid = {9F97E087-1E81-4B28-878B-77F595CA8979}
	EndGlobalSection
EndGlobal
